
Microsoft Visual Studio Solution File, Format Version 12.00
# Visual Studio 15
VisualStudioVersion = 15.0.27428.2015
MinimumVisualStudioVersion = 10.0.40219.1
Project("{FAE04EC0-301F-11D3-BF4B-00C04F79EFBC}") = "OpenCartProject", "MSTest_OpenCartProject\OpenCartProject.csproj", "{E1D80058-3C37-429C-8BEE-13A32D7D906C}"
EndProject
Global
	GlobalSection(SolutionConfigurationPlatforms) = preSolution
		Debug|Any CPU = Debug|Any CPU
		Release|Any CPU = Release|Any CPU
	EndGlobalSection
	GlobalSection(ProjectConfigurationPlatforms) = postSolution
		{E1D80058-3C37-429C-8BEE-13A32D7D906C}.Debug|Any CPU.ActiveCfg = Debug|Any CPU
		{E1D80058-3C37-429C-8BEE-13A32D7D906C}.Debug|Any CPU.Build.0 = Debug|Any CPU
		{E1D80058-3C37-429C-8BEE-13A32D7D906C}.Release|Any CPU.ActiveCfg = Release|Any CPU
		{E1D80058-3C37-429C-8BEE-13A32D7D906C}.Release|Any CPU.Build.0 = Release|Any CPU
	EndGlobalSection
	GlobalSection(SolutionProperties) = preSolution
		HideSolutionNode = FALSE
	EndGlobalSection
	GlobalSection(ExtensibilityGlobals) = postSolution
		SolutionGuid = {6678F570-93D8-4E44-8734-7BC3CA27C31C}
	EndGlobalSection
EndGlobal
